
Microsoft Visual Studio Solution File, Format Version 12.00
# Visual Studio Version 17
VisualStudioVersion = 17.7.34003.232
MinimumVisualStudioVersion = 10.0.40219.1
Project("{9A19103F-16F7-4668-BE54-9A1E7A4F7556}") = "ProyectoService", "ProyectoService\ProyectoService.csproj", "{91DD2611-0FC6-44FC-B205-98E525CFE5C1}"
EndProject
Project("{9A19103F-16F7-4668-BE54-9A1E7A4F7556}") = "ProyectoDto", "ProyectoDto\ProyectoDto.csproj", "{FE28FCDB-3053-46CD-B272-77280A3202FD}"
EndProject
Project("{9A19103F-16F7-4668-BE54-9A1E7A4F7556}") = "ProyectoData", "ProyectoData\ProyectoData.csproj", "{1CDA3334-B5E2-4577-B8EE-A7BF5C140D7F}"
EndProject
Project("{9A19103F-16F7-4668-BE54-9A1E7A4F7556}") = "WebAppi", "WebAppi\WebAppi.csproj", "{493145B3-B8DF-4C83-9767-44716B8B769C}"
EndProject
Project("{FAE04EC0-301F-11D3-BF4B-00C04F79EFBC}") = "TestService", "TestService\TestService.csproj", "{534F0C7A-DC09-45F6-99FC-24F65574746A}"
EndProject
Global
	GlobalSection(SolutionConfigurationPlatforms) = preSolution
		Debug|Any CPU = Debug|Any CPU
		Release|Any CPU = Release|Any CPU
	EndGlobalSection
	GlobalSection(ProjectConfigurationPlatforms) = postSolution
		{91DD2611-0FC6-44FC-B205-98E525CFE5C1}.Debug|Any CPU.ActiveCfg = Debug|Any CPU
		{91DD2611-0FC6-44FC-B205-98E525CFE5C1}.Debug|Any CPU.Build.0 = Debug|Any CPU
		{91DD2611-0FC6-44FC-B205-98E525CFE5C1}.Release|Any CPU.ActiveCfg = Release|Any CPU
		{91DD2611-0FC6-44FC-B205-98E525CFE5C1}.Release|Any CPU.Build.0 = Release|Any CPU
		{FE28FCDB-3053-46CD-B272-77280A3202FD}.Debug|Any CPU.ActiveCfg = Debug|Any CPU
		{FE28FCDB-3053-46CD-B272-77280A3202FD}.Debug|Any CPU.Build.0 = Debug|Any CPU
		{FE28FCDB-3053-46CD-B272-77280A3202FD}.Release|Any CPU.ActiveCfg = Release|Any CPU
		{FE28FCDB-3053-46CD-B272-77280A3202FD}.Release|Any CPU.Build.0 = Release|Any CPU
		{1CDA3334-B5E2-4577-B8EE-A7BF5C140D7F}.Debug|Any CPU.ActiveCfg = Debug|Any CPU
		{1CDA3334-B5E2-4577-B8EE-A7BF5C140D7F}.Debug|Any CPU.Build.0 = Debug|Any CPU
		{1CDA3334-B5E2-4577-B8EE-A7BF5C140D7F}.Release|Any CPU.ActiveCfg = Release|Any CPU
		{1CDA3334-B5E2-4577-B8EE-A7BF5C140D7F}.Release|Any CPU.Build.0 = Release|Any CPU
		{493145B3-B8DF-4C83-9767-44716B8B769C}.Debug|Any CPU.ActiveCfg = Debug|Any CPU
		{493145B3-B8DF-4C83-9767-44716B8B769C}.Debug|Any CPU.Build.0 = Debug|Any CPU
		{493145B3-B8DF-4C83-9767-44716B8B769C}.Release|Any CPU.ActiveCfg = Release|Any CPU
		{493145B3-B8DF-4C83-9767-44716B8B769C}.Release|Any CPU.Build.0 = Release|Any CPU
		{534F0C7A-DC09-45F6-99FC-24F65574746A}.Debug|Any CPU.ActiveCfg = Debug|Any CPU
		{534F0C7A-DC09-45F6-99FC-24F65574746A}.Debug|Any CPU.Build.0 = Debug|Any CPU
		{534F0C7A-DC09-45F6-99FC-24F65574746A}.Release|Any CPU.ActiveCfg = Release|Any CPU
		{534F0C7A-DC09-45F6-99FC-24F65574746A}.Release|Any CPU.Build.0 = Release|Any CPU
	EndGlobalSection
	GlobalSection(SolutionProperties) = preSolution
		HideSolutionNode = FALSE
	EndGlobalSection
	GlobalSection(ExtensibilityGlobals) = postSolution
		SolutionGuid = {26A37802-9E24-473E-933A-1953195A7BD3}
	EndGlobalSection
EndGlobal
